// !$*UTF8*$!
{
	archiveVersion = 1;
	classes = {
	};
	objectVersion = 50;
	objects = {

/* Begin PBXBuildFile section */
		1817D6F1246BDFC900C8FC8E /* FirstViewController.swift in Sources */ = {isa = PBXBuildFile; fileRef = 1817D6F0246BDFC900C8FC8E /* FirstViewController.swift */; };
		1817D6F3246BDFE500C8FC8E /* FirstInteractor.swift in Sources */ = {isa = PBXBuildFile; fileRef = 1817D6F2246BDFE500C8FC8E /* FirstInteractor.swift */; };
		1817D6F5246BDFFD00C8FC8E /* FirstPresenter.swift in Sources */ = {isa = PBXBuildFile; fileRef = 1817D6F4246BDFFD00C8FC8E /* FirstPresenter.swift */; };
		1817D6F7246BE04700C8FC8E /* FirstRouter.swift in Sources */ = {isa = PBXBuildFile; fileRef = 1817D6F6246BE04700C8FC8E /* FirstRouter.swift */; };
		1817D6F9246BE2F900C8FC8E /* FirstModels.swift in Sources */ = {isa = PBXBuildFile; fileRef = 1817D6F8246BE2F900C8FC8E /* FirstModels.swift */; };
		1817D6FB246BE35A00C8FC8E /* FirstWorker.swift in Sources */ = {isa = PBXBuildFile; fileRef = 1817D6FA246BE35A00C8FC8E /* FirstWorker.swift */; };
		1817D703246BE3A300C8FC8E /* SecondPresenter.swift in Sources */ = {isa = PBXBuildFile; fileRef = 1817D6FD246BE3A300C8FC8E /* SecondPresenter.swift */; };
		1817D704246BE3A300C8FC8E /* SecondWorker.swift in Sources */ = {isa = PBXBuildFile; fileRef = 1817D6FE246BE3A300C8FC8E /* SecondWorker.swift */; };
		1817D705246BE3A300C8FC8E /* SecondRouter.swift in Sources */ = {isa = PBXBuildFile; fileRef = 1817D6FF246BE3A300C8FC8E /* SecondRouter.swift */; };
		1817D706246BE3A300C8FC8E /* SecondModels.swift in Sources */ = {isa = PBXBuildFile; fileRef = 1817D700246BE3A300C8FC8E /* SecondModels.swift */; };
		1817D707246BE3A300C8FC8E /* SecondViewController.swift in Sources */ = {isa = PBXBuildFile; fileRef = 1817D701246BE3A300C8FC8E /* SecondViewController.swift */; };
		1817D708246BE3A300C8FC8E /* SecondInteractor.swift in Sources */ = {isa = PBXBuildFile; fileRef = 1817D702246BE3A300C8FC8E /* SecondInteractor.swift */; };
		1879D8502467DAD30033B873 /* sample2.swift in Sources */ = {isa = PBXBuildFile; fileRef = 1879D84F2467DAD30033B873 /* sample2.swift */; };
		188182672466B53F0084FCDD /* AppDelegate.swift in Sources */ = {isa = PBXBuildFile; fileRef = 188182662466B53F0084FCDD /* AppDelegate.swift */; };
		188182692466B53F0084FCDD /* SceneDelegate.swift in Sources */ = {isa = PBXBuildFile; fileRef = 188182682466B53F0084FCDD /* SceneDelegate.swift */; };
		1881826B2466B53F0084FCDD /* ViewController.swift in Sources */ = {isa = PBXBuildFile; fileRef = 1881826A2466B53F0084FCDD /* ViewController.swift */; };
		1881826E2466B53F0084FCDD /* Main.storyboard in Resources */ = {isa = PBXBuildFile; fileRef = 1881826C2466B53F0084FCDD /* Main.storyboard */; };
		188182702466B5460084FCDD /* Assets.xcassets in Resources */ = {isa = PBXBuildFile; fileRef = 1881826F2466B5460084FCDD /* Assets.xcassets */; };
		188182732466B5460084FCDD /* LaunchScreen.storyboard in Resources */ = {isa = PBXBuildFile; fileRef = 188182712466B5460084FCDD /* LaunchScreen.storyboard */; };
		1881827B2466D8C20084FCDD /* Screenshot 2020-05-09 at 3.25.36 PM.png in Resources */ = {isa = PBXBuildFile; fileRef = 1881827A2466D8C20084FCDD /* Screenshot 2020-05-09 at 3.25.36 PM.png */; };
		1881827D2466D8C90084FCDD /* Screenshot 2020-05-09 at 4.07.11 PM.png in Resources */ = {isa = PBXBuildFile; fileRef = 1881827C2466D8C90084FCDD /* Screenshot 2020-05-09 at 4.07.11 PM.png */; };
		1881827F2466DCA10084FCDD /* Screenshot 2020-05-09 at 6.11.59 PM.png in Resources */ = {isa = PBXBuildFile; fileRef = 1881827E2466DCA10084FCDD /* Screenshot 2020-05-09 at 6.11.59 PM.png */; };
		188182812466DCD80084FCDD /* Screenshot 2020-05-09 at 6.11.59 PM.png in Resources */ = {isa = PBXBuildFile; fileRef = 188182802466DCD80084FCDD /* Screenshot 2020-05-09 at 6.11.59 PM.png */; };
/* End PBXBuildFile section */

/* Begin PBXFileReference section */
		1817D6F0246BDFC900C8FC8E /* FirstViewController.swift */ = {isa = PBXFileReference; lastKnownFileType = sourcecode.swift; path = FirstViewController.swift; sourceTree = "<group>"; };
		1817D6F2246BDFE500C8FC8E /* FirstInteractor.swift */ = {isa = PBXFileReference; lastKnownFileType = sourcecode.swift; path = FirstInteractor.swift; sourceTree = "<group>"; };
		1817D6F4246BDFFD00C8FC8E /* FirstPresenter.swift */ = {isa = PBXFileReference; lastKnownFileType = sourcecode.swift; path = FirstPresenter.swift; sourceTree = "<group>"; };
		1817D6F6246BE04700C8FC8E /* FirstRouter.swift */ = {isa = PBXFileReference; lastKnownFileType = sourcecode.swift; path = FirstRouter.swift; sourceTree = "<group>"; };
		1817D6F8246BE2F900C8FC8E /* FirstModels.swift */ = {isa = PBXFileReference; lastKnownFileType = sourcecode.swift; path = FirstModels.swift; sourceTree = "<group>"; };
		1817D6FA246BE35A00C8FC8E /* FirstWorker.swift */ = {isa = PBXFileReference; lastKnownFileType = sourcecode.swift; path = FirstWorker.swift; sourceTree = "<group>"; };
		1817D6FD246BE3A300C8FC8E /* SecondPresenter.swift */ = {isa = PBXFileReference; lastKnownFileType = sourcecode.swift; path = SecondPresenter.swift; sourceTree = "<group>"; };
		1817D6FE246BE3A300C8FC8E /* SecondWorker.swift */ = {isa = PBXFileReference; lastKnownFileType = sourcecode.swift; path = SecondWorker.swift; sourceTree = "<group>"; };
		1817D6FF246BE3A300C8FC8E /* SecondRouter.swift */ = {isa = PBXFileReference; lastKnownFileType = sourcecode.swift; path = SecondRouter.swift; sourceTree = "<group>"; };
		1817D700246BE3A300C8FC8E /* SecondModels.swift */ = {isa = PBXFileReference; lastKnownFileType = sourcecode.swift; path = SecondModels.swift; sourceTree = "<group>"; };
		1817D701246BE3A300C8FC8E /* SecondViewController.swift */ = {isa = PBXFileReference; lastKnownFileType = sourcecode.swift; path = SecondViewController.swift; sourceTree = "<group>"; };
		1817D702246BE3A300C8FC8E /* SecondInteractor.swift */ = {isa = PBXFileReference; lastKnownFileType = sourcecode.swift; path = SecondInteractor.swift; sourceTree = "<group>"; };
		1879D84F2467DAD30033B873 /* sample2.swift */ = {isa = PBXFileReference; lastKnownFileType = sourcecode.swift; path = sample2.swift; sourceTree = "<group>"; };
		188182632466B53F0084FCDD /* LeoVip.app */ = {isa = PBXFileReference; explicitFileType = wrapper.application; includeInIndex = 0; path = LeoVip.app; sourceTree = BUILT_PRODUCTS_DIR; };
		188182662466B53F0084FCDD /* AppDelegate.swift */ = {isa = PBXFileReference; lastKnownFileType = sourcecode.swift; path = AppDelegate.swift; sourceTree = "<group>"; };
		188182682466B53F0084FCDD /* SceneDelegate.swift */ = {isa = PBXFileReference; lastKnownFileType = sourcecode.swift; path = SceneDelegate.swift; sourceTree = "<group>"; };
		1881826A2466B53F0084FCDD /* ViewController.swift */ = {isa = PBXFileReference; lastKnownFileType = sourcecode.swift; path = ViewController.swift; sourceTree = "<group>"; };
		1881826D2466B53F0084FCDD /* Base */ = {isa = PBXFileReference; lastKnownFileType = file.storyboard; name = Base; path = Base.lproj/Main.storyboard; sourceTree = "<group>"; };
		1881826F2466B5460084FCDD /* Assets.xcassets */ = {isa = PBXFileReference; lastKnownFileType = folder.assetcatalog; path = Assets.xcassets; sourceTree = "<group>"; };
		188182722466B5460084FCDD /* Base */ = {isa = PBXFileReference; lastKnownFileType = file.storyboard; name = Base; path = Base.lproj/LaunchScreen.storyboard; sourceTree = "<group>"; };
		188182742466B5460084FCDD /* Info.plist */ = {isa = PBXFileReference; lastKnownFileType = text.plist.xml; path = Info.plist; sourceTree = "<group>"; };
		1881827A2466D8C20084FCDD /* Screenshot 2020-05-09 at 3.25.36 PM.png */ = {isa = PBXFileReference; lastKnownFileType = image.png; path = "Screenshot 2020-05-09 at 3.25.36 PM.png"; sourceTree = "<group>"; };
		1881827C2466D8C90084FCDD /* Screenshot 2020-05-09 at 4.07.11 PM.png */ = {isa = PBXFileReference; lastKnownFileType = image.png; path = "Screenshot 2020-05-09 at 4.07.11 PM.png"; sourceTree = "<group>"; };
		1881827E2466DCA10084FCDD /* Screenshot 2020-05-09 at 6.11.59 PM.png */ = {isa = PBXFileReference; lastKnownFileType = image.png; path = "Screenshot 2020-05-09 at 6.11.59 PM.png"; sourceTree = "<group>"; };
		188182802466DCD80084FCDD /* Screenshot 2020-05-09 at 6.11.59 PM.png */ = {isa = PBXFileReference; lastKnownFileType = image.png; name = "Screenshot 2020-05-09 at 6.11.59 PM.png"; path = "../../../../../Desktop/Screenshot 2020-05-09 at 6.11.59 PM.png"; sourceTree = "<group>"; };
/* End PBXFileReference section */

/* Begin PBXFrameworksBuildPhase section */
		188182602466B53F0084FCDD /* Frameworks */ = {
			isa = PBXFrameworksBuildPhase;
			buildActionMask = 2147483647;
			files = (
			);
			runOnlyForDeploymentPostprocessing = 0;
		};
/* End PBXFrameworksBuildPhase section */

/* Begin PBXGroup section */
		1817D6FC246BE36C00C8FC8E /* New Group */ = {
			isa = PBXGroup;
			children = (
				1817D6F0246BDFC900C8FC8E /* FirstViewController.swift */,
				1817D6F6246BE04700C8FC8E /* FirstRouter.swift */,
				1817D6F4246BDFFD00C8FC8E /* FirstPresenter.swift */,
				1817D6FA246BE35A00C8FC8E /* FirstWorker.swift */,
				1817D6F2246BDFE500C8FC8E /* FirstInteractor.swift */,
				1817D6F8246BE2F900C8FC8E /* FirstModels.swift */,
			);
			path = "New Group";
			sourceTree = "<group>";
		};
		1881825A2466B53F0084FCDD = {
			isa = PBXGroup;
			children = (
				188182652466B53F0084FCDD /* LeoVip */,
				188182642466B53F0084FCDD /* Products */,
			);
			sourceTree = "<group>";
		};
		188182642466B53F0084FCDD /* Products */ = {
			isa = PBXGroup;
			children = (
				188182632466B53F0084FCDD /* LeoVip.app */,
			);
			name = Products;
			sourceTree = "<group>";
		};
		188182652466B53F0084FCDD /* LeoVip */ = {
			isa = PBXGroup;
			children = (
				188182662466B53F0084FCDD /* AppDelegate.swift */,
				188182682466B53F0084FCDD /* SceneDelegate.swift */,
				1881826A2466B53F0084FCDD /* ViewController.swift */,
				1879D84F2467DAD30033B873 /* sample2.swift */,
				1881827C2466D8C90084FCDD /* Screenshot 2020-05-09 at 4.07.11 PM.png */,
				1881827E2466DCA10084FCDD /* Screenshot 2020-05-09 at 6.11.59 PM.png */,
				1881827A2466D8C20084FCDD /* Screenshot 2020-05-09 at 3.25.36 PM.png */,
				188182802466DCD80084FCDD /* Screenshot 2020-05-09 at 6.11.59 PM.png */,
				1817D6FD246BE3A300C8FC8E /* SecondPresenter.swift */,
				1817D6FE246BE3A300C8FC8E /* SecondWorker.swift */,
				1817D6FF246BE3A300C8FC8E /* SecondRouter.swift */,
				1817D700246BE3A300C8FC8E /* SecondModels.swift */,
				1817D701246BE3A300C8FC8E /* SecondViewController.swift */,
				1817D702246BE3A300C8FC8E /* SecondInteractor.swift */,
				1817D6FC246BE36C00C8FC8E /* New Group */,
				1881826C2466B53F0084FCDD /* Main.storyboard */,
				1881826F2466B5460084FCDD /* Assets.xcassets */,
				188182712466B5460084FCDD /* LaunchScreen.storyboard */,
				188182742466B5460084FCDD /* Info.plist */,
			);
			path = LeoVip;
			sourceTree = "<group>";
		};
/* End PBXGroup section */

/* Begin PBXNativeTarget section */
		188182622466B53F0084FCDD /* LeoVip */ = {
			isa = PBXNativeTarget;
			buildConfigurationList = 188182772466B5460084FCDD /* Build configuration list for PBXNativeTarget "LeoVip" */;
			buildPhases = (
				1881825F2466B53F0084FCDD /* Sources */,
				188182602466B53F0084FCDD /* Frameworks */,
				188182612466B53F0084FCDD /* Resources */,
			);
			buildRules = (
			);
			dependencies = (
			);
			name = LeoVip;
			productName = LeoVip;
			productReference = 188182632466B53F0084FCDD /* LeoVip.app */;
			productType = "com.apple.product-type.application";
		};
/* End PBXNativeTarget section */

/* Begin PBXProject section */
		1881825B2466B53F0084FCDD /* Project object */ = {
			isa = PBXProject;
			attributes = {
				LastSwiftUpdateCheck = 1110;
				LastUpgradeCheck = 1110;
				ORGANIZATIONNAME = "vijayvir Singh";
				TargetAttributes = {
					188182622466B53F0084FCDD = {
						CreatedOnToolsVersion = 11.1;
					};
				};
			};
			buildConfigurationList = 1881825E2466B53F0084FCDD /* Build configuration list for PBXProject "LeoVip" */;
			compatibilityVersion = "Xcode 9.3";
			developmentRegion = en;
			hasScannedForEncodings = 0;
			knownRegions = (
				en,
				Base,
			);
			mainGroup = 1881825A2466B53F0084FCDD;
			productRefGroup = 188182642466B53F0084FCDD /* Products */;
			projectDirPath = "";
			projectRoot = "";
			targets = (
				188182622466B53F0084FCDD /* LeoVip */,
			);
		};
/* End PBXProject section */

/* Begin PBXResourcesBuildPhase section */
		188182612466B53F0084FCDD /* Resources */ = {
			isa = PBXResourcesBuildPhase;
			buildActionMask = 2147483647;
			files = (
				1881827F2466DCA10084FCDD /* Screenshot 2020-05-09 at 6.11.59 PM.png in Resources */,
				188182812466DCD80084FCDD /* Screenshot 2020-05-09 at 6.11.59 PM.png in Resources */,
				188182732466B5460084FCDD /* LaunchScreen.storyboard in Resources */,
				1881827D2466D8C90084FCDD /* Screenshot 2020-05-09 at 4.07.11 PM.png in Resources */,
				1881827B2466D8C20084FCDD /* Screenshot 2020-05-09 at 3.25.36 PM.png in Resources */,
				188182702466B5460084FCDD /* Assets.xcassets in Resources */,
				1881826E2466B53F0084FCDD /* Main.storyboard in Resources */,
			);
			runOnlyForDeploymentPostprocessing = 0;
		};
/* End PBXResourcesBuildPhase section */

/* Begin PBXSourcesBuildPhase section */
		1881825F2466B53F0084FCDD /* Sources */ = {
			isa = PBXSourcesBuildPhase;
			buildActionMask = 2147483647;
			files = (
				1817D6FB246BE35A00C8FC8E /* FirstWorker.swift in Sources */,
				1817D705246BE3A300C8FC8E /* SecondRouter.swift in Sources */,
				1817D6F1246BDFC900C8FC8E /* FirstViewController.swift in Sources */,
				1817D707246BE3A300C8FC8E /* SecondViewController.swift in Sources */,
				1817D703246BE3A300C8FC8E /* SecondPresenter.swift in Sources */,
				1879D8502467DAD30033B873 /* sample2.swift in Sources */,
				1817D6F5246BDFFD00C8FC8E /* FirstPresenter.swift in Sources */,
				1817D6F9246BE2F900C8FC8E /* FirstModels.swift in Sources */,
				1817D708246BE3A300C8FC8E /* SecondInteractor.swift in Sources */,
				1881826B2466B53F0084FCDD /* ViewController.swift in Sources */,
				188182672466B53F0084FCDD /* AppDelegate.swift in Sources */,
				1817D6F7246BE04700C8FC8E /* FirstRouter.swift in Sources */,
				188182692466B53F0084FCDD /* SceneDelegate.swift in Sources */,
				1817D6F3246BDFE500C8FC8E /* FirstInteractor.swift in Sources */,
				1817D704246BE3A300C8FC8E /* SecondWorker.swift in Sources */,
				1817D706246BE3A300C8FC8E /* SecondModels.swift in Sources */,
			);
			runOnlyForDeploymentPostprocessing = 0;
		};
/* End PBXSourcesBuildPhase section */

/* Begin PBXVariantGroup section */
		1881826C2466B53F0084FCDD /* Main.storyboard */ = {
			isa = PBXVariantGroup;
			children = (
				1881826D2466B53F0084FCDD /* Base */,
			);
			name = Main.storyboard;
			sourceTree = "<group>";
		};
		188182712466B5460084FCDD /* LaunchScreen.storyboard */ = {
			isa = PBXVariantGroup;
			children = (
				188182722466B5460084FCDD /* Base */,
			);
			name = LaunchScreen.storyboard;
			sourceTree = "<group>";
		};
/* End PBXVariantGroup section */

/* Begin XCBuildConfiguration section */
		188182752466B5460084FCDD /* Debug */ = {
			isa = XCBuildConfiguration;
			buildSettings = {
				ALWAYS_SEARCH_USER_PATHS = NO;
				CLANG_ANALYZER_NONNULL = YES;
				CLANG_ANALYZER_NUMBER_OBJECT_CONVERSION = YES_AGGRESSIVE;
				CLANG_CXX_LANGUAGE_STANDARD = "gnu++14";
				CLANG_CXX_LIBRARY = "libc++";
				CLANG_ENABLE_MODULES = YES;
				CLANG_ENABLE_OBJC_ARC = YES;
				CLANG_ENABLE_OBJC_WEAK = YES;
				CLANG_WARN_BLOCK_CAPTURE_AUTORELEASING = YES;
				CLANG_WARN_BOOL_CONVERSION = YES;
				CLANG_WARN_COMMA = YES;
				CLANG_WARN_CONSTANT_CONVERSION = YES;
				CLANG_WARN_DEPRECATED_OBJC_IMPLEMENTATIONS = YES;
				CLANG_WARN_DIRECT_OBJC_ISA_USAGE = YES_ERROR;
				CLANG_WARN_DOCUMENTATION_COMMENTS = YES;
				CLANG_WARN_EMPTY_BODY = YES;
				CLANG_WARN_ENUM_CONVERSION = YES;
				CLANG_WARN_INFINITE_RECURSION = YES;
				CLANG_WARN_INT_CONVERSION = YES;
				CLANG_WARN_NON_LITERAL_NULL_CONVERSION = YES;
				CLANG_WARN_OBJC_IMPLICIT_RETAIN_SELF = YES;
				CLANG_WARN_OBJC_LITERAL_CONVERSION = YES;
				CLANG_WARN_OBJC_ROOT_CLASS = YES_ERROR;
				CLANG_WARN_RANGE_LOOP_ANALYSIS = YES;
				CLANG_WARN_STRICT_PROTOTYPES = YES;
				CLANG_WARN_SUSPICIOUS_MOVE = YES;
				CLANG_WARN_UNGUARDED_AVAILABILITY = YES_AGGRESSIVE;
				CLANG_WARN_UNREACHABLE_CODE = YES;
				CLANG_WARN__DUPLICATE_METHOD_MATCH = YES;
				COPY_PHASE_STRIP = NO;
				DEBUG_INFORMATION_FORMAT = dwarf;
				ENABLE_STRICT_OBJC_MSGSEND = YES;
				ENABLE_TESTABILITY = YES;
				GCC_C_LANGUAGE_STANDARD = gnu11;
				GCC_DYNAMIC_NO_PIC = NO;
				GCC_NO_COMMON_BLOCKS = YES;
				GCC_OPTIMIZATION_LEVEL = 0;
				GCC_PREPROCESSOR_DEFINITIONS = (
					"DEBUG=1",
					"$(inherited)",
				);
				GCC_WARN_64_TO_32_BIT_CONVERSION = YES;
				GCC_WARN_ABOUT_RETURN_TYPE = YES_ERROR;
				GCC_WARN_UNDECLARED_SELECTOR = YES;
				GCC_WARN_UNINITIALIZED_AUTOS = YES_AGGRESSIVE;
				GCC_WARN_UNUSED_FUNCTION = YES;
				GCC_WARN_UNUSED_VARIABLE = YES;
				IPHONEOS_DEPLOYMENT_TARGET = 13.1;
				MTL_ENABLE_DEBUG_INFO = INCLUDE_SOURCE;
				MTL_FAST_MATH = YES;
				ONLY_ACTIVE_ARCH = YES;
				SDKROOT = iphoneos;
				SWIFT_ACTIVE_COMPILATION_CONDITIONS = DEBUG;
				SWIFT_OPTIMIZATION_LEVEL = "-Onone";
			};
			name = Debug;
		};
		188182762466B5460084FCDD /* Release */ = {
			isa = XCBuildConfiguration;
			buildSettings = {
				ALWAYS_SEARCH_USER_PATHS = NO;
				CLANG_ANALYZER_NONNULL = YES;
				CLANG_ANALYZER_NUMBER_OBJECT_CONVERSION = YES_AGGRESSIVE;
				CLANG_CXX_LANGUAGE_STANDARD = "gnu++14";
				CLANG_CXX_LIBRARY = "libc++";
				CLANG_ENABLE_MODULES = YES;
				CLANG_ENABLE_OBJC_ARC = YES;
				CLANG_ENABLE_OBJC_WEAK = YES;
				CLANG_WARN_BLOCK_CAPTURE_AUTORELEASING = YES;
				CLANG_WARN_BOOL_CONVERSION = YES;
				CLANG_WARN_COMMA = YES;
				CLANG_WARN_CONSTANT_CONVERSION = YES;
				CLANG_WARN_DEPRECATED_OBJC_IMPLEMENTATIONS = YES;
				CLANG_WARN_DIRECT_OBJC_ISA_USAGE = YES_ERROR;
				CLANG_WARN_DOCUMENTATION_COMMENTS = YES;
				CLANG_WARN_EMPTY_BODY = YES;
				CLANG_WARN_ENUM_CONVERSION = YES;
				CLANG_WARN_INFINITE_RECURSION = YES;
				CLANG_WARN_INT_CONVERSION = YES;
				CLANG_WARN_NON_LITERAL_NULL_CONVERSION = YES;
				CLANG_WARN_OBJC_IMPLICIT_RETAIN_SELF = YES;
				CLANG_WARN_OBJC_LITERAL_CONVERSION = YES;
				CLANG_WARN_OBJC_ROOT_CLASS = YES_ERROR;
				CLANG_WARN_RANGE_LOOP_ANALYSIS = YES;
				CLANG_WARN_STRICT_PROTOTYPES = YES;
				CLANG_WARN_SUSPICIOUS_MOVE = YES;
				CLANG_WARN_UNGUARDED_AVAILABILITY = YES_AGGRESSIVE;
				CLANG_WARN_UNREACHABLE_CODE = YES;
				CLANG_WARN__DUPLICATE_METHOD_MATCH = YES;
				COPY_PHASE_STRIP = NO;
				DEBUG_INFORMATION_FORMAT = "dwarf-with-dsym";
				ENABLE_NS_ASSERTIONS = NO;
				ENABLE_STRICT_OBJC_MSGSEND = YES;
				GCC_C_LANGUAGE_STANDARD = gnu11;
				GCC_NO_COMMON_BLOCKS = YES;
				GCC_WARN_64_TO_32_BIT_CONVERSION = YES;
				GCC_WARN_ABOUT_RETURN_TYPE = YES_ERROR;
				GCC_WARN_UNDECLARED_SELECTOR = YES;
				GCC_WARN_UNINITIALIZED_AUTOS = YES_AGGRESSIVE;
				GCC_WARN_UNUSED_FUNCTION = YES;
				GCC_WARN_UNUSED_VARIABLE = YES;
				IPHONEOS_DEPLOYMENT_TARGET = 13.1;
				MTL_ENABLE_DEBUG_INFO = NO;
				MTL_FAST_MATH = YES;
				SDKROOT = iphoneos;
				SWIFT_COMPILATION_MODE = wholemodule;
				SWIFT_OPTIMIZATION_LEVEL = "-O";
				VALIDATE_PRODUCT = YES;
			};
			name = Release;
		};
		188182782466B5460084FCDD /* Debug */ = {
			isa = XCBuildConfiguration;
			buildSettings = {
				ASSETCATALOG_COMPILER_APPICON_NAME = AppIcon;
				CODE_SIGN_STYLE = Automatic;
				DEVELOPMENT_TEAM = K6RG6LVAYB;
				INFOPLIST_FILE = LeoVip/Info.plist;
				LD_RUNPATH_SEARCH_PATHS = (
					"$(inherited)",
					"@executable_path/Frameworks",
				);
				PRODUCT_BUNDLE_IDENTIFIER = com.leo.LeoVip;
				PRODUCT_NAME = "$(TARGET_NAME)";
				SWIFT_VERSION = 5.0;
				TARGETED_DEVICE_FAMILY = "1,2";
			};
			name = Debug;
		};
		188182792466B5460084FCDD /* Release */ = {
			isa = XCBuildConfiguration;
			buildSettings = {
				ASSETCATALOG_COMPILER_APPICON_NAME = AppIcon;
				CODE_SIGN_STYLE = Automatic;
				DEVELOPMENT_TEAM = K6RG6LVAYB;
				INFOPLIST_FILE = LeoVip/Info.plist;
				LD_RUNPATH_SEARCH_PATHS = (
					"$(inherited)",
					"@executable_path/Frameworks",
				);
				PRODUCT_BUNDLE_IDENTIFIER = com.leo.LeoVip;
				PRODUCT_NAME = "$(TARGET_NAME)";
				SWIFT_VERSION = 5.0;
				TARGETED_DEVICE_FAMILY = "1,2";
			};
			name = Release;
		};
/* End XCBuildConfiguration section */

/* Begin XCConfigurationList section */
		1881825E2466B53F0084FCDD /* Build configuration list for PBXProject "LeoVip" */ = {
			isa = XCConfigurationList;
			buildConfigurations = (
				188182752466B5460084FCDD /* Debug */,
				188182762466B5460084FCDD /* Release */,
			);
			defaultConfigurationIsVisible = 0;
			defaultConfigurationName = Release;
		};
		188182772466B5460084FCDD /* Build configuration list for PBXNativeTarget "LeoVip" */ = {
			isa = XCConfigurationList;
			buildConfigurations = (
				188182782466B5460084FCDD /* Debug */,
				188182792466B5460084FCDD /* Release */,
			);
			defaultConfigurationIsVisible = 0;
			defaultConfigurationName = Release;
		};
/* End XCConfigurationList section */
	};
	rootObject = 1881825B2466B53F0084FCDD /* Project object */;
}
